
Microsoft Visual Studio Solution File, Format Version 12.00
# Visual Studio Version 17
VisualStudioVersion = 17.10.35201.131
MinimumVisualStudioVersion = 10.0.40219.1
Project("{FAE04EC0-301F-11D3-BF4B-00C04F79EFBC}") = "project01", "project01\project01.csproj", "{14204A77-3FFA-49E9-9938-D3D213AE2AF2}"
EndProject
Global
	GlobalSection(SolutionConfigurationPlatforms) = preSolution
		Debug|Any CPU = Debug|Any CPU
		Release|Any CPU = Release|Any CPU
	EndGlobalSection
	GlobalSection(ProjectConfigurationPlatforms) = postSolution
		{14204A77-3FFA-49E9-9938-D3D213AE2AF2}.Debug|Any CPU.ActiveCfg = Debug|Any CPU
		{14204A77-3FFA-49E9-9938-D3D213AE2AF2}.Debug|Any CPU.Build.0 = Debug|Any CPU
		{14204A77-3FFA-49E9-9938-D3D213AE2AF2}.Release|Any CPU.ActiveCfg = Release|Any CPU
		{14204A77-3FFA-49E9-9938-D3D213AE2AF2}.Release|Any CPU.Build.0 = Release|Any CPU
	EndGlobalSection
	GlobalSection(SolutionProperties) = preSolution
		HideSolutionNode = FALSE
	EndGlobalSection
	GlobalSection(ExtensibilityGlobals) = postSolution
		SolutionGuid = {BB170AF8-FF9C-4E7D-B2D2-0075FF86D066}
	EndGlobalSection
EndGlobal
